
Microsoft Visual Studio Solution File, Format Version 11.00
# Visual C# Express 2010
Project("{FAE04EC0-301F-11D3-BF4B-00C04F79EFBC}") = "Exceptions", "Exceptions.csproj", "{736A2AF4-F757-407E-9FD1-A9CDBBF5629D}"
EndProject
Global
	GlobalSection(SolutionConfigurationPlatforms) = preSolution
		Debug|Any CPU = Debug|Any CPU
		Release|Any CPU = Release|Any CPU
	EndGlobalSection
	GlobalSection(ProjectConfigurationPlatforms) = postSolution
		{736A2AF4-F757-407E-9FD1-A9CDBBF5629D}.Debug|Any CPU.ActiveCfg = Debug|Any CPU
		{736A2AF4-F757-407E-9FD1-A9CDBBF5629D}.Debug|Any CPU.Build.0 = Debug|Any CPU
		{736A2AF4-F757-407E-9FD1-A9CDBBF5629D}.Release|Any CPU.ActiveCfg = Release|Any CPU
		{736A2AF4-F757-407E-9FD1-A9CDBBF5629D}.Release|Any CPU.Build.0 = Release|Any CPU
	EndGlobalSection
	GlobalSection(SolutionProperties) = preSolution
		HideSolutionNode = FALSE
	EndGlobalSection
EndGlobal
