
Microsoft Visual Studio Solution File, Format Version 12.00
# Visual Studio Version 16
VisualStudioVersion = 16.0.30104.148
MinimumVisualStudioVersion = 10.0.40219.1
Project("{FAE04EC0-301F-11D3-BF4B-00C04F79EFBC}") = "WindowsFormsApp1", "WindowsFormsApp1.csproj", "{DD467FB8-CA5C-43DA-AE3B-FD8A052F7C47}"
EndProject
Global
	GlobalSection(SolutionConfigurationPlatforms) = preSolution
		Debug|Any CPU = Debug|Any CPU
		Release|Any CPU = Release|Any CPU
	EndGlobalSection
	GlobalSection(ProjectConfigurationPlatforms) = postSolution
		{DD467FB8-CA5C-43DA-AE3B-FD8A052F7C47}.Debug|Any CPU.ActiveCfg = Debug|Any CPU
		{DD467FB8-CA5C-43DA-AE3B-FD8A052F7C47}.Debug|Any CPU.Build.0 = Debug|Any CPU
		{DD467FB8-CA5C-43DA-AE3B-FD8A052F7C47}.Release|Any CPU.ActiveCfg = Release|Any CPU
		{DD467FB8-CA5C-43DA-AE3B-FD8A052F7C47}.Release|Any CPU.Build.0 = Release|Any CPU
	EndGlobalSection
	GlobalSection(SolutionProperties) = preSolution
		HideSolutionNode = FALSE
	EndGlobalSection
	GlobalSection(ExtensibilityGlobals) = postSolution
		SolutionGuid = {4AF57BA0-4213-4016-B267-D75AC8892176}
	EndGlobalSection
EndGlobal
