
Microsoft Visual Studio Solution File, Format Version 12.00
# Visual Studio Version 16
VisualStudioVersion = 16.0.30011.22
MinimumVisualStudioVersion = 10.0.40219.1
Project("{FAE04EC0-301F-11D3-BF4B-00C04F79EFBC}") = "Persontest", "Persontest.csproj", "{711D9F24-2F04-4F06-A2B8-8ABDCA3BFEF4}"
EndProject
Global
	GlobalSection(SolutionConfigurationPlatforms) = preSolution
		Debug|Any CPU = Debug|Any CPU
		Release|Any CPU = Release|Any CPU
	EndGlobalSection
	GlobalSection(ProjectConfigurationPlatforms) = postSolution
		{711D9F24-2F04-4F06-A2B8-8ABDCA3BFEF4}.Debug|Any CPU.ActiveCfg = Debug|Any CPU
		{711D9F24-2F04-4F06-A2B8-8ABDCA3BFEF4}.Debug|Any CPU.Build.0 = Debug|Any CPU
		{711D9F24-2F04-4F06-A2B8-8ABDCA3BFEF4}.Release|Any CPU.ActiveCfg = Release|Any CPU
		{711D9F24-2F04-4F06-A2B8-8ABDCA3BFEF4}.Release|Any CPU.Build.0 = Release|Any CPU
	EndGlobalSection
	GlobalSection(SolutionProperties) = preSolution
		HideSolutionNode = FALSE
	EndGlobalSection
	GlobalSection(ExtensibilityGlobals) = postSolution
		SolutionGuid = {F3C17A48-1DBB-44C1-8FF9-55000F5C4D84}
	EndGlobalSection
EndGlobal
